
Microsoft Visual Studio Solution File, Format Version 12.00
# Visual Studio Version 16
VisualStudioVersion = 16.0.29424.173
MinimumVisualStudioVersion = 10.0.40219.1
Project("{FAE04EC0-301F-11D3-BF4B-00C04F79EFBC}") = "Change from celsius to kelvin, and fahrenheit", "Change from celsius to kelvin, and fahrenheit.csproj", "{30072728-C1DB-4801-98F2-88989D4DA9A5}"
EndProject
Global
	GlobalSection(SolutionConfigurationPlatforms) = preSolution
		Debug|Any CPU = Debug|Any CPU
		Release|Any CPU = Release|Any CPU
	EndGlobalSection
	GlobalSection(ProjectConfigurationPlatforms) = postSolution
		{30072728-C1DB-4801-98F2-88989D4DA9A5}.Debug|Any CPU.ActiveCfg = Debug|Any CPU
		{30072728-C1DB-4801-98F2-88989D4DA9A5}.Debug|Any CPU.Build.0 = Debug|Any CPU
		{30072728-C1DB-4801-98F2-88989D4DA9A5}.Release|Any CPU.ActiveCfg = Release|Any CPU
		{30072728-C1DB-4801-98F2-88989D4DA9A5}.Release|Any CPU.Build.0 = Release|Any CPU
	EndGlobalSection
	GlobalSection(SolutionProperties) = preSolution
		HideSolutionNode = FALSE
	EndGlobalSection
	GlobalSection(ExtensibilityGlobals) = postSolution
		SolutionGuid = {831BF574-4E43-48D6-A0C0-D1ABF9DC579D}
	EndGlobalSection
EndGlobal
